
Microsoft Visual Studio Solution File, Format Version 11.00
# Visual Studio 2010
Project("{FAE04EC0-301F-11D3-BF4B-00C04F79EFBC}") = "Assembly-CSharp", "Assembly-CSharp.csproj", "{BEC44985-6056-DD54-1194-8AF158B1493F}"
EndProject
Project("{FAE04EC0-301F-11D3-BF4B-00C04F79EFBC}") = "Tests", "Tests.csproj", "{6981F6C0-D180-6687-5FB3-09499BA5A56E}"
EndProject
Global
	GlobalSection(SolutionConfigurationPlatforms) = preSolution
		Debug|Any CPU = Debug|Any CPU
		Release|Any CPU = Release|Any CPU
	EndGlobalSection
	GlobalSection(ProjectConfigurationPlatforms) = postSolution
		{BEC44985-6056-DD54-1194-8AF158B1493F}.Debug|Any CPU.ActiveCfg = Debug|Any CPU
		{BEC44985-6056-DD54-1194-8AF158B1493F}.Debug|Any CPU.Build.0 = Debug|Any CPU
		{BEC44985-6056-DD54-1194-8AF158B1493F}.Release|Any CPU.ActiveCfg = Release|Any CPU
		{BEC44985-6056-DD54-1194-8AF158B1493F}.Release|Any CPU.Build.0 = Release|Any CPU
		{6981F6C0-D180-6687-5FB3-09499BA5A56E}.Debug|Any CPU.ActiveCfg = Debug|Any CPU
		{6981F6C0-D180-6687-5FB3-09499BA5A56E}.Debug|Any CPU.Build.0 = Debug|Any CPU
		{6981F6C0-D180-6687-5FB3-09499BA5A56E}.Release|Any CPU.ActiveCfg = Release|Any CPU
		{6981F6C0-D180-6687-5FB3-09499BA5A56E}.Release|Any CPU.Build.0 = Release|Any CPU
	EndGlobalSection
	GlobalSection(SolutionProperties) = preSolution
		HideSolutionNode = FALSE
	EndGlobalSection
EndGlobal
