
Microsoft Visual Studio Solution File, Format Version 11.00
# Visual Studio 2010
Project("{FAE04EC0-301F-11D3-BF4B-00C04F79EFBC}") = "Assembly-CSharp", "Assembly-CSharp.csproj", "{8549c4be-5660-54dd-1194-8af158b1493f}"
EndProject
Project("{FAE04EC0-301F-11D3-BF4B-00C04F79EFBC}") = "Assembly-CSharp-Editor", "Assembly-CSharp-Editor.csproj", "{056bb4a2-0ead-2fdd-979c-96a27de4bc82}"
EndProject
Global
	GlobalSection(SolutionConfigurationPlatforms) = preSolution
		Debug|Any CPU = Debug|Any CPU
	EndGlobalSection
	GlobalSection(ProjectConfigurationPlatforms) = postSolution
		{8549c4be-5660-54dd-1194-8af158b1493f}.Debug|Any CPU.ActiveCfg = Debug|Any CPU
		{8549c4be-5660-54dd-1194-8af158b1493f}.Debug|Any CPU.Build.0 = Debug|Any CPU
		{056bb4a2-0ead-2fdd-979c-96a27de4bc82}.Debug|Any CPU.ActiveCfg = Debug|Any CPU
		{056bb4a2-0ead-2fdd-979c-96a27de4bc82}.Debug|Any CPU.Build.0 = Debug|Any CPU
	EndGlobalSection
	GlobalSection(SolutionProperties) = preSolution
		HideSolutionNode = FALSE
	EndGlobalSection
EndGlobal
